
Microsoft Visual Studio Solution File, Format Version 12.00
# Visual Studio 15
VisualStudioVersion = 15.0.27428.2037
MinimumVisualStudioVersion = 10.0.40219.1
Project("{FAE04EC0-301F-11D3-BF4B-00C04F79EFBC}") = "HelloWorld", "HelloWorld\HelloWorld.csproj", "{6B5A68A3-3C92-4B5B-8A39-523E9621B88F}"
EndProject
Project("{FAE04EC0-301F-11D3-BF4B-00C04F79EFBC}") = "HelloWorldTests", "HelloWorldTests\HelloWorldTests.csproj", "{4F10C7DE-1B53-4111-91E1-AA860EE4CB65}"
EndProject
Global
	GlobalSection(SolutionConfigurationPlatforms) = preSolution
		Debug|Any CPU = Debug|Any CPU
		Release|Any CPU = Release|Any CPU
	EndGlobalSection
	GlobalSection(ProjectConfigurationPlatforms) = postSolution
		{6B5A68A3-3C92-4B5B-8A39-523E9621B88F}.Debug|Any CPU.ActiveCfg = Debug|Any CPU
		{6B5A68A3-3C92-4B5B-8A39-523E9621B88F}.Debug|Any CPU.Build.0 = Debug|Any CPU
		{6B5A68A3-3C92-4B5B-8A39-523E9621B88F}.Release|Any CPU.ActiveCfg = Release|Any CPU
		{6B5A68A3-3C92-4B5B-8A39-523E9621B88F}.Release|Any CPU.Build.0 = Release|Any CPU
		{4F10C7DE-1B53-4111-91E1-AA860EE4CB65}.Debug|Any CPU.ActiveCfg = Debug|Any CPU
		{4F10C7DE-1B53-4111-91E1-AA860EE4CB65}.Debug|Any CPU.Build.0 = Debug|Any CPU
		{4F10C7DE-1B53-4111-91E1-AA860EE4CB65}.Release|Any CPU.ActiveCfg = Release|Any CPU
		{4F10C7DE-1B53-4111-91E1-AA860EE4CB65}.Release|Any CPU.Build.0 = Release|Any CPU
	EndGlobalSection
	GlobalSection(SolutionProperties) = preSolution
		HideSolutionNode = FALSE
	EndGlobalSection
	GlobalSection(ExtensibilityGlobals) = postSolution
		SolutionGuid = {543BCB91-7D04-4C22-A24F-06AA3525B6DA}
	EndGlobalSection
EndGlobal
